
Microsoft Visual Studio Solution File, Format Version 12.00
# Visual Studio 2012
Project("{FAE04EC0-301F-11D3-BF4B-00C04F79EFBC}") = "DynamicLinq", "DynamicLinq\DynamicLinq.csproj", "{AE624BB3-6890-4D78-9FBA-C4F8DA20902E}"
EndProject
Project("{FAE04EC0-301F-11D3-BF4B-00C04F79EFBC}") = "DynamicLinq.Test", "DynamicLinq.Test\DynamicLinq.Test.csproj", "{09D00633-0B1F-4B41-9545-A7EEEF069B04}"
EndProject
Global
	GlobalSection(SolutionConfigurationPlatforms) = preSolution
		Debug|x86 = Debug|x86
		Release|x86 = Release|x86
	EndGlobalSection
	GlobalSection(ProjectConfigurationPlatforms) = postSolution
		{09D00633-0B1F-4B41-9545-A7EEEF069B04}.Debug|x86.ActiveCfg = Debug|x86
		{09D00633-0B1F-4B41-9545-A7EEEF069B04}.Debug|x86.Build.0 = Debug|x86
		{09D00633-0B1F-4B41-9545-A7EEEF069B04}.Release|x86.ActiveCfg = Release|x86
		{09D00633-0B1F-4B41-9545-A7EEEF069B04}.Release|x86.Build.0 = Release|x86
		{AE624BB3-6890-4D78-9FBA-C4F8DA20902E}.Debug|x86.ActiveCfg = Debug|x86
		{AE624BB3-6890-4D78-9FBA-C4F8DA20902E}.Debug|x86.Build.0 = Debug|x86
		{AE624BB3-6890-4D78-9FBA-C4F8DA20902E}.Release|x86.ActiveCfg = Release|x86
		{AE624BB3-6890-4D78-9FBA-C4F8DA20902E}.Release|x86.Build.0 = Release|x86
	EndGlobalSection
EndGlobal
